{
  "name": "node-emails-from-csv",
  "version": "1.0.0",
  "lockfileVersion": 2,
  "requires": true,
  "packages": {
    "": {
      "name": "node-emails-from-csv",
      "version": "1.0.0",
      "license": "ISC",
      "dependencies": {
        "async": "^2.6.0",
        "csv": "^6.2.0",
        "handlebars": "^4.0.11",
        "nodemailer": "^6.7.7"
      }
    },
    "node_modules/async": {
      "version": "2.6.4",
      "resolved": "https://registry.npmjs.org/async/-/async-2.6.4.tgz",
      "integrity": "sha512-mzo5dfJYwAn29PeiJ0zvwTo04zj8HDJj0Mn8TD7sno7q12prdbnasKJHhkm2c1LgrhlJ0teaea8860oxi51mGA==",
      "dependencies": {
        "lodash": "^4.17.14"
      }
    },
    "node_modules/csv": {
      "version": "6.2.0",
      "resolved": "https://registry.npmjs.org/csv/-/csv-6.2.0.tgz",
      "integrity": "sha512-yT7dkCsJLJ36NUW0d0ei7parOcUCx/QVkK77puwA/rF4bMciTB5Kf+wuegL+7zh8s6revFM+BFQ2h+U2k4jgBQ==",
      "dependencies": {
        "csv-generate": "^4.2.0",
        "csv-parse": "^5.3.0",
        "csv-stringify": "^6.2.0",
        "stream-transform": "^3.2.0"
      },
      "engines": {
        "node": ">= 0.1.90"
      }
    },
    "node_modules/csv-generate": {
      "version": "4.2.0",
      "resolved": "https://registry.npmjs.org/csv-generate/-/csv-generate-4.2.0.tgz",
      "integrity": "sha512-zlIESlGQaYqIhNYwBN2pj5KXNMYbAXZYMOgNoVSoYV8MQyGZwcNWX+kx5LHxocp+zQDqzSgeKh+e+AZs+nCq4Q=="
    },
    "node_modules/csv-parse": {
      "version": "5.3.0",
      "resolved": "https://registry.npmjs.org/csv-parse/-/csv-parse-5.3.0.tgz",
      "integrity": "sha512-UXJCGwvJ2fep39purtAn27OUYmxB1JQto+zhZ4QlJpzsirtSFbzLvip1aIgziqNdZp/TptvsKEV5BZSxe10/DQ=="
    },
    "node_modules/csv-stringify": {
      "version": "6.2.0",
      "resolved": "https://registry.npmjs.org/csv-stringify/-/csv-stringify-6.2.0.tgz",
      "integrity": "sha512-dcUbQLRTTDcgQxgEU8V9IctkaCwHZjZfzUZ5ZB3RY8Y+pXtdtl5iVQHfGzANytFFkRKanYzBXrkfpNdGR7eviA=="
    },
    "node_modules/handlebars": {
      "version": "4.7.7",
      "resolved": "https://registry.npmjs.org/handlebars/-/handlebars-4.7.7.tgz",
      "integrity": "sha512-aAcXm5OAfE/8IXkcZvCepKU3VzW1/39Fb5ZuqMtgI/hT8X2YgoMvBY5dLhq/cpOvw7Lk1nK/UF71aLG/ZnVYRA==",
      "dependencies": {
        "minimist": "^1.2.5",
        "neo-async": "^2.6.0",
        "source-map": "^0.6.1",
        "wordwrap": "^1.0.0"
      },
      "bin": {
        "handlebars": "bin/handlebars"
      },
      "engines": {
        "node": ">=0.4.7"
      },
      "optionalDependencies": {
        "uglify-js": "^3.1.4"
      }
    },
    "node_modules/lodash": {
      "version": "4.17.21",
      "resolved": "https://registry.npmjs.org/lodash/-/lodash-4.17.21.tgz",
      "integrity": "sha512-v2kDEe57lecTulaDIuNTPy3Ry4gLGJ6Z1O3vE1krgXZNrsQ+LFTGHVxVjcXPs17LhbZVGedAJv8XZ1tvj5FvSg=="
    },
    "node_modules/minimist": {
      "version": "1.2.6",
      "resolved": "https://registry.npmjs.org/minimist/-/minimist-1.2.6.tgz",
      "integrity": "sha512-Jsjnk4bw3YJqYzbdyBiNsPWHPfO++UGG749Cxs6peCu5Xg4nrena6OVxOYxrQTqww0Jmwt+Ref8rggumkTLz9Q=="
    },
    "node_modules/neo-async": {
      "version": "2.6.2",
      "resolved": "https://registry.npmjs.org/neo-async/-/neo-async-2.6.2.tgz",
      "integrity": "sha512-Yd3UES5mWCSqR+qNT93S3UoYUkqAZ9lLg8a7g9rimsWmYGK8cVToA4/sF3RrshdyV3sAGMXVUmpMYOw+dLpOuw=="
    },
    "node_modules/nodemailer": {
      "version": "6.7.7",
      "resolved": "https://registry.npmjs.org/nodemailer/-/nodemailer-6.7.7.tgz",
      "integrity": "sha512-pOLC/s+2I1EXuSqO5Wa34i3kXZG3gugDssH+ZNCevHad65tc8vQlCQpOLaUjopvkRQKm2Cki2aME7fEOPRy3bA==",
      "engines": {
        "node": ">=6.0.0"
      }
    },
    "node_modules/source-map": {
      "version": "0.6.1",
      "resolved": "https://registry.npmjs.org/source-map/-/source-map-0.6.1.tgz",
      "integrity": "sha512-UjgapumWlbMhkBgzT7Ykc5YXUT46F0iKu8SGXq0bcwP5dz/h0Plj6enJqjz1Zbq2l5WaqYnrVbwWOWMyF3F47g==",
      "engines": {
        "node": ">=0.10.0"
      }
    },
    "node_modules/stream-transform": {
      "version": "3.2.0",
      "resolved": "https://registry.npmjs.org/stream-transform/-/stream-transform-3.2.0.tgz",
      "integrity": "sha512-M22v88wNknyJiIyHYoiIYI5RPl/R7tkf92j1YNkmrbe5XRGHW0jW8n458j1njOrR4Edcj8bwbpSV0iLIWon1hg=="
    },
    "node_modules/uglify-js": {
      "version": "3.16.3",
      "resolved": "https://registry.npmjs.org/uglify-js/-/uglify-js-3.16.3.tgz",
      "integrity": "sha512-uVbFqx9vvLhQg0iBaau9Z75AxWJ8tqM9AV890dIZCLApF4rTcyHwmAvLeEdYRs+BzYWu8Iw81F79ah0EfTXbaw==",
      "optional": true,
      "bin": {
        "uglifyjs": "bin/uglifyjs"
      },
      "engines": {
        "node": ">=0.8.0"
      }
    },
    "node_modules/wordwrap": {
      "version": "1.0.0",
      "resolved": "https://registry.npmjs.org/wordwrap/-/wordwrap-1.0.0.tgz",
      "integrity": "sha512-gvVzJFlPycKc5dZN4yPkP8w7Dc37BtP1yczEneOb4uq34pXZcvrtRTmWV8W+Ume+XCxKgbjM+nevkyFPMybd4Q=="
    }
  },
  "dependencies": {
    "async": {
      "version": "2.6.4",
      "resolved": "https://registry.npmjs.org/async/-/async-2.6.4.tgz",
      "integrity": "sha512-mzo5dfJYwAn29PeiJ0zvwTo04zj8HDJj0Mn8TD7sno7q12prdbnasKJHhkm2c1LgrhlJ0teaea8860oxi51mGA==",
      "requires": {
        "lodash": "^4.17.14"
      }
    },
    "csv": {
      "version": "6.2.0",
      "resolved": "https://registry.npmjs.org/csv/-/csv-6.2.0.tgz",
      "integrity": "sha512-yT7dkCsJLJ36NUW0d0ei7parOcUCx/QVkK77puwA/rF4bMciTB5Kf+wuegL+7zh8s6revFM+BFQ2h+U2k4jgBQ==",
      "requires": {
        "csv-generate": "^4.2.0",
        "csv-parse": "^5.3.0",
        "csv-stringify": "^6.2.0",
        "stream-transform": "^3.2.0"
      }
    },
    "csv-generate": {
      "version": "4.2.0",
      "resolved": "https://registry.npmjs.org/csv-generate/-/csv-generate-4.2.0.tgz",
      "integrity": "sha512-zlIESlGQaYqIhNYwBN2pj5KXNMYbAXZYMOgNoVSoYV8MQyGZwcNWX+kx5LHxocp+zQDqzSgeKh+e+AZs+nCq4Q=="
    },
    "csv-parse": {
      "version": "5.3.0",
      "resolved": "https://registry.npmjs.org/csv-parse/-/csv-parse-5.3.0.tgz",
      "integrity": "sha512-UXJCGwvJ2fep39purtAn27OUYmxB1JQto+zhZ4QlJpzsirtSFbzLvip1aIgziqNdZp/TptvsKEV5BZSxe10/DQ=="
    },
    "csv-stringify": {
      "version": "6.2.0",
      "resolved": "https://registry.npmjs.org/csv-stringify/-/csv-stringify-6.2.0.tgz",
      "integrity": "sha512-dcUbQLRTTDcgQxgEU8V9IctkaCwHZjZfzUZ5ZB3RY8Y+pXtdtl5iVQHfGzANytFFkRKanYzBXrkfpNdGR7eviA=="
    },
    "handlebars": {
      "version": "4.7.7",
      "resolved": "https://registry.npmjs.org/handlebars/-/handlebars-4.7.7.tgz",
      "integrity": "sha512-aAcXm5OAfE/8IXkcZvCepKU3VzW1/39Fb5ZuqMtgI/hT8X2YgoMvBY5dLhq/cpOvw7Lk1nK/UF71aLG/ZnVYRA==",
      "requires": {
        "minimist": "^1.2.5",
        "neo-async": "^2.6.0",
        "source-map": "^0.6.1",
        "uglify-js": "^3.1.4",
        "wordwrap": "^1.0.0"
      }
    },
    "lodash": {
      "version": "4.17.21",
      "resolved": "https://registry.npmjs.org/lodash/-/lodash-4.17.21.tgz",
      "integrity": "sha512-v2kDEe57lecTulaDIuNTPy3Ry4gLGJ6Z1O3vE1krgXZNrsQ+LFTGHVxVjcXPs17LhbZVGedAJv8XZ1tvj5FvSg=="
    },
    "minimist": {
      "version": "1.2.6",
      "resolved": "https://registry.npmjs.org/minimist/-/minimist-1.2.6.tgz",
      "integrity": "sha512-Jsjnk4bw3YJqYzbdyBiNsPWHPfO++UGG749Cxs6peCu5Xg4nrena6OVxOYxrQTqww0Jmwt+Ref8rggumkTLz9Q=="
    },
    "neo-async": {
      "version": "2.6.2",
      "resolved": "https://registry.npmjs.org/neo-async/-/neo-async-2.6.2.tgz",
      "integrity": "sha512-Yd3UES5mWCSqR+qNT93S3UoYUkqAZ9lLg8a7g9rimsWmYGK8cVToA4/sF3RrshdyV3sAGMXVUmpMYOw+dLpOuw=="
    },
    "nodemailer": {
      "version": "6.7.7",
      "resolved": "https://registry.npmjs.org/nodemailer/-/nodemailer-6.7.7.tgz",
      "integrity": "sha512-pOLC/s+2I1EXuSqO5Wa34i3kXZG3gugDssH+ZNCevHad65tc8vQlCQpOLaUjopvkRQKm2Cki2aME7fEOPRy3bA=="
    },
    "source-map": {
      "version": "0.6.1",
      "resolved": "https://registry.npmjs.org/source-map/-/source-map-0.6.1.tgz",
      "integrity": "sha512-UjgapumWlbMhkBgzT7Ykc5YXUT46F0iKu8SGXq0bcwP5dz/h0Plj6enJqjz1Zbq2l5WaqYnrVbwWOWMyF3F47g=="
    },
    "stream-transform": {
      "version": "3.2.0",
      "resolved": "https://registry.npmjs.org/stream-transform/-/stream-transform-3.2.0.tgz",
      "integrity": "sha512-M22v88wNknyJiIyHYoiIYI5RPl/R7tkf92j1YNkmrbe5XRGHW0jW8n458j1njOrR4Edcj8bwbpSV0iLIWon1hg=="
    },
    "uglify-js": {
      "version": "3.16.3",
      "resolved": "https://registry.npmjs.org/uglify-js/-/uglify-js-3.16.3.tgz",
      "integrity": "sha512-uVbFqx9vvLhQg0iBaau9Z75AxWJ8tqM9AV890dIZCLApF4rTcyHwmAvLeEdYRs+BzYWu8Iw81F79ah0EfTXbaw==",
      "optional": true
    },
    "wordwrap": {
      "version": "1.0.0",
      "resolved": "https://registry.npmjs.org/wordwrap/-/wordwrap-1.0.0.tgz",
      "integrity": "sha512-gvVzJFlPycKc5dZN4yPkP8w7Dc37BtP1yczEneOb4uq34pXZcvrtRTmWV8W+Ume+XCxKgbjM+nevkyFPMybd4Q=="
    }
  }
}
